dependencies:
- name: seldon-core-v2-crds
  repository: file://subcharts/seldon-core-v2-crds
  version: 0.1.0
- name: seldon-core-v2-kafka
  repository: file://subcharts/seldon-core-v2-kafka
  version: 0.1.0
- name: seldon-core-v2-servers
  repository: https://seldonio.github.io/helm-charts
  version: 0.4.0
- name: seldon-core-v2-setup
  repository: file://subcharts/seldon-core-v2-setup
  version: 0.1.0
- name: strimzi-kafka-operator
  repository: https://strimzi.io/charts/
  version: 0.34.0
digest: sha256:26b6e7485efa4c5bc959e818795664870294d2d9c47dfebfdcc0dcc455001a85
generated: "2023-04-24T19:02:01.568528434+01:00"
